
Microsoft Visual Studio Solution File, Format Version 12.00
# Visual Studio Version 16
VisualStudioVersion = 16.0.31402.337
MinimumVisualStudioVersion = 10.0.40219.1
Project("{9A19103F-16F7-4668-BE54-9A1E7A4F7556}") = "CustomTrial", "CustomTrial.csproj", "{A027F50B-7128-4882-9DA2-CCD67DCBC0BA}"
EndProject
Global
	GlobalSection(SolutionConfigurationPlatforms) = preSolution
		Debug|Any CPU = Debug|Any CPU
		Release|Any CPU = Release|Any CPU
	EndGlobalSection
	GlobalSection(ProjectConfigurationPlatforms) = postSolution
		{A027F50B-7128-4882-9DA2-CCD67DCBC0BA}.Debug|Any CPU.ActiveCfg = Debug|Any CPU
		{A027F50B-7128-4882-9DA2-CCD67DCBC0BA}.Debug|Any CPU.Build.0 = Debug|Any CPU
		{A027F50B-7128-4882-9DA2-CCD67DCBC0BA}.Release|Any CPU.ActiveCfg = Release|Any CPU
		{A027F50B-7128-4882-9DA2-CCD67DCBC0BA}.Release|Any CPU.Build.0 = Release|Any CPU
	EndGlobalSection
	GlobalSection(SolutionProperties) = preSolution
		HideSolutionNode = FALSE
	EndGlobalSection
	GlobalSection(ExtensibilityGlobals) = postSolution
		SolutionGuid = {EDF92523-270C-48F0-8B6D-416EF96430BF}
	EndGlobalSection
EndGlobal
